{
    "version": "0.5",
    "requires": [
        "zlib/1.2.12#2ea72a0bae8b680f8a282e103e0a6880%1743582313.324",
        "spdlog/1.10.0#5aed29a37b544d0eb5812b8be74cd7a4%1731353179.805",
        "readerwriterqueue/1.0.6#aaa5ff6fac60c2aee591e9e51b063b83%1679587692.891",
        "rapidjson/cci.20211112#0e610cba48da9ecd145a5f74afbe1607%1705070241.583",
        "protobuf/6.30.1#97bae23ef6d7f9fcfdb4ded9468ad6de%1747665968.233",
        "picojson/cci.20210117#5222abc0ebb33013a382941847cb53a9%1663946551.535",
        "openssl/3.6.0#89e8af1d4a21afcac0557079d23d8890%1759746682.365",
        "libbacktrace/cci.20210118#a7691bfccd8caaf66309df196790a5a1%1722218217.276",
        "jwt-cpp/0.7.0#8866e2b13d06704e8d1b48e15a384639%1725009084.676",
        "hiredis/1.0.2#6001a683c04da07565e97e76d0d841bd%1744279494.11",
        "fmt/8.1.1#d66420384a943dbf1f292d34ef34c11c%1735899179.969",
        "flatbuffers/23.5.26#0290575326fe9b2c39a0236ea81d8c30%1743154511.803",
        "cppcodec/0.2#2970c3267aebdc3ceec3e3ef20786564%1701157190.966",
        "catch2/2.13.9#17ac9b0b78c63353e304c5744e862a77%1678135818.816",
        "bzip2/1.0.8#00b4a4658791c1f06914e087f0e792f5%1744702067.178",
        "boost/1.84.0#40dd9fecacce0ef109851d0e38727fd0%1759416424.265",
        "abseil/20250127.0#faefa3bbf31b5c32933e328d72e42cfe%1754142622.985"
    ],
    "build_requires": [
        "cmake/3.31.9#2032c6471fe4f5a3e17f65fed518d545%1758832282.188",
        "b2/5.3.3#107c15377719889654eb9a162a673975%1750340310.079"
    ],
    "python_requires": [],
    "config_requires": []
}